
Microsoft Visual Studio Solution File, Format Version 12.00
# Visual Studio Version 16
VisualStudioVersion = 16.0.29613.14
MinimumVisualStudioVersion = 10.0.40219.1
Project("{FAE04EC0-301F-11D3-BF4B-00C04F79EFBC}") = "HIMS", "HIMS\HIMS.csproj", "{3A3D7819-4C85-4ED6-B8E0-06D62EB4C2A9}"
EndProject
Project("{FAE04EC0-301F-11D3-BF4B-00C04F79EFBC}") = "DataCore", "DataCore\DataCore.csproj", "{AEB70E1C-07A3-4F6C-A6CE-7841F6FD96D9}"
EndProject
Global
	GlobalSection(SolutionConfigurationPlatforms) = preSolution
		Debug|Any CPU = Debug|Any CPU
		Release|Any CPU = Release|Any CPU
	EndGlobalSection
	GlobalSection(ProjectConfigurationPlatforms) = postSolution
		{3A3D7819-4C85-4ED6-B8E0-06D62EB4C2A9}.Debug|Any CPU.ActiveCfg = Debug|Any CPU
		{3A3D7819-4C85-4ED6-B8E0-06D62EB4C2A9}.Debug|Any CPU.Build.0 = Debug|Any CPU
		{3A3D7819-4C85-4ED6-B8E0-06D62EB4C2A9}.Release|Any CPU.ActiveCfg = Release|Any CPU
		{3A3D7819-4C85-4ED6-B8E0-06D62EB4C2A9}.Release|Any CPU.Build.0 = Release|Any CPU
		{AEB70E1C-07A3-4F6C-A6CE-7841F6FD96D9}.Debug|Any CPU.ActiveCfg = Debug|Any CPU
		{AEB70E1C-07A3-4F6C-A6CE-7841F6FD96D9}.Debug|Any CPU.Build.0 = Debug|Any CPU
		{AEB70E1C-07A3-4F6C-A6CE-7841F6FD96D9}.Release|Any CPU.ActiveCfg = Release|Any CPU
		{AEB70E1C-07A3-4F6C-A6CE-7841F6FD96D9}.Release|Any CPU.Build.0 = Release|Any CPU
	EndGlobalSection
	GlobalSection(SolutionProperties) = preSolution
		HideSolutionNode = FALSE
	EndGlobalSection
	GlobalSection(ExtensibilityGlobals) = postSolution
		SolutionGuid = {1B1AD8AC-61F1-4012-A6DF-17307660FD66}
	EndGlobalSection
EndGlobal
